// !$*UTF8*$!
{
	archiveVersion = 1;
	classes = {
	};
	objectVersion = 50;
	objects = {

/* Begin PBXBuildFile section */
		523AA9A825446F3A002640DC /* AppDelegate.swift in Sources */ = {isa = PBXBuildFile; fileRef = 523AA9A725446F3A002640DC /* AppDelegate.swift */; };
		523AA9AA25446F3A002640DC /* SceneDelegate.swift in Sources */ = {isa = PBXBuildFile; fileRef = 523AA9A925446F3A002640DC /* SceneDelegate.swift */; };
		523AA9AC25446F3A002640DC /* ContentView.swift in Sources */ = {isa = PBXBuildFile; fileRef = 523AA9AB25446F3A002640DC /* ContentView.swift */; };
		523AA9AE25446F3B002640DC /* Assets.xcassets in Resources */ = {isa = PBXBuildFile; fileRef = 523AA9AD25446F3B002640DC /* Assets.xcassets */; };
		523AA9B125446F3B002640DC /* Preview Assets.xcassets in Resources */ = {isa = PBXBuildFile; fileRef = 523AA9B025446F3B002640DC /* Preview Assets.xcassets */; };
		523AA9B425446F3B002640DC /* LaunchScreen.storyboard in Resources */ = {isa = PBXBuildFile; fileRef = 523AA9B225446F3B002640DC /* LaunchScreen.storyboard */; };
		523AA9CD25498EA2002640DC /* HomeTab.swift in Sources */ = {isa = PBXBuildFile; fileRef = 523AA9CC25498EA2002640DC /* HomeTab.swift */; };
		523AA9D025498EFF002640DC /* Conversion.swift in Sources */ = {isa = PBXBuildFile; fileRef = 523AA9CF25498EFF002640DC /* Conversion.swift */; };
		523AA9D325498F5D002640DC /* Currency.swift in Sources */ = {isa = PBXBuildFile; fileRef = 523AA9D225498F5D002640DC /* Currency.swift */; };
		523AA9D625498FFA002640DC /* FetchData.swift in Sources */ = {isa = PBXBuildFile; fileRef = 523AA9D525498FFA002640DC /* FetchData.swift */; };
/* End PBXBuildFile section */

/* Begin PBXFileReference section */
		523AA9A425446F3A002640DC /* TdpTabBar.app */ = {isa = PBXFileReference; explicitFileType = wrapper.application; includeInIndex = 0; path = TdpTabBar.app; sourceTree = BUILT_PRODUCTS_DIR; };
		523AA9A725446F3A002640DC /* AppDelegate.swift */ = {isa = PBXFileReference; lastKnownFileType = sourcecode.swift; path = AppDelegate.swift; sourceTree = "<group>"; };
		523AA9A925446F3A002640DC /* SceneDelegate.swift */ = {isa = PBXFileReference; lastKnownFileType = sourcecode.swift; path = SceneDelegate.swift; sourceTree = "<group>"; };
		523AA9AB25446F3A002640DC /* ContentView.swift */ = {isa = PBXFileReference; lastKnownFileType = sourcecode.swift; path = ContentView.swift; sourceTree = "<group>"; };
		523AA9AD25446F3B002640DC /* Assets.xcassets */ = {isa = PBXFileReference; lastKnownFileType = folder.assetcatalog; path = Assets.xcassets; sourceTree = "<group>"; };
		523AA9B025446F3B002640DC /* Preview Assets.xcassets */ = {isa = PBXFileReference; lastKnownFileType = folder.assetcatalog; path = "Preview Assets.xcassets"; sourceTree = "<group>"; };
		523AA9B325446F3B002640DC /* Base */ = {isa = PBXFileReference; lastKnownFileType = file.storyboard; name = Base; path = Base.lproj/LaunchScreen.storyboard; sourceTree = "<group>"; };
		523AA9B525446F3B002640DC /* Info.plist */ = {isa = PBXFileReference; lastKnownFileType = text.plist.xml; path = Info.plist; sourceTree = "<group>"; };
		523AA9CC25498EA2002640DC /* HomeTab.swift */ = {isa = PBXFileReference; lastKnownFileType = sourcecode.swift; path = HomeTab.swift; sourceTree = "<group>"; };
		523AA9CF25498EFF002640DC /* Conversion.swift */ = {isa = PBXFileReference; lastKnownFileType = sourcecode.swift; path = Conversion.swift; sourceTree = "<group>"; };
		523AA9D225498F5D002640DC /* Currency.swift */ = {isa = PBXFileReference; lastKnownFileType = sourcecode.swift; path = Currency.swift; sourceTree = "<group>"; };
		523AA9D525498FFA002640DC /* FetchData.swift */ = {isa = PBXFileReference; lastKnownFileType = sourcecode.swift; path = FetchData.swift; sourceTree = "<group>"; };
/* End PBXFileReference section */

/* Begin PBXFrameworksBuildPhase section */
		523AA9A125446F3A002640DC /* Frameworks */ = {
			isa = PBXFrameworksBuildPhase;
			buildActionMask = 2147483647;
			files = (
			);
			runOnlyForDeploymentPostprocessing = 0;
		};
/* End PBXFrameworksBuildPhase section */

/* Begin PBXGroup section */
		523AA99B25446F3A002640DC = {
			isa = PBXGroup;
			children = (
				523AA9A625446F3A002640DC /* TdpTabBar */,
				523AA9A525446F3A002640DC /* Products */,
			);
			sourceTree = "<group>";
		};
		523AA9A525446F3A002640DC /* Products */ = {
			isa = PBXGroup;
			children = (
				523AA9A425446F3A002640DC /* TdpTabBar.app */,
			);
			name = Products;
			sourceTree = "<group>";
		};
		523AA9A625446F3A002640DC /* TdpTabBar */ = {
			isa = PBXGroup;
			children = (
				523AA9BD25498D03002640DC /* ViewModel */,
				523AA9BC25498CF5002640DC /* Model */,
				523AA9BE25498D24002640DC /* View */,
				523AA9A725446F3A002640DC /* AppDelegate.swift */,
				523AA9A925446F3A002640DC /* SceneDelegate.swift */,
				523AA9AB25446F3A002640DC /* ContentView.swift */,
				523AA9AD25446F3B002640DC /* Assets.xcassets */,
				523AA9B225446F3B002640DC /* LaunchScreen.storyboard */,
				523AA9B525446F3B002640DC /* Info.plist */,
				523AA9AF25446F3B002640DC /* Preview Content */,
			);
			path = TdpTabBar;
			sourceTree = "<group>";
		};
		523AA9AF25446F3B002640DC /* Preview Content */ = {
			isa = PBXGroup;
			children = (
				523AA9B025446F3B002640DC /* Preview Assets.xcassets */,
			);
			path = "Preview Content";
			sourceTree = "<group>";
		};
		523AA9BC25498CF5002640DC /* Model */ = {
			isa = PBXGroup;
			children = (
				523AA9CF25498EFF002640DC /* Conversion.swift */,
				523AA9D225498F5D002640DC /* Currency.swift */,
			);
			path = Model;
			sourceTree = "<group>";
		};
		523AA9BD25498D03002640DC /* ViewModel */ = {
			isa = PBXGroup;
			children = (
				523AA9D525498FFA002640DC /* FetchData.swift */,
			);
			path = ViewModel;
			sourceTree = "<group>";
		};
		523AA9BE25498D24002640DC /* View */ = {
			isa = PBXGroup;
			children = (
				523AA9CC25498EA2002640DC /* HomeTab.swift */,
			);
			path = View;
			sourceTree = "<group>";
		};
/* End PBXGroup section */

/* Begin PBXNativeTarget section */
		523AA9A325446F3A002640DC /* TdpTabBar */ = {
			isa = PBXNativeTarget;
			buildConfigurationList = 523AA9B825446F3B002640DC /* Build configuration list for PBXNativeTarget "TdpTabBar" */;
			buildPhases = (
				523AA9A025446F3A002640DC /* Sources */,
				523AA9A125446F3A002640DC /* Frameworks */,
				523AA9A225446F3A002640DC /* Resources */,
			);
			buildRules = (
			);
			dependencies = (
			);
			name = TdpTabBar;
			productName = TdpTabBar;
			productReference = 523AA9A425446F3A002640DC /* TdpTabBar.app */;
			productType = "com.apple.product-type.application";
		};
/* End PBXNativeTarget section */

/* Begin PBXProject section */
		523AA99C25446F3A002640DC /* Project object */ = {
			isa = PBXProject;
			attributes = {
				LastSwiftUpdateCheck = 1200;
				LastUpgradeCheck = 1200;
				TargetAttributes = {
					523AA9A325446F3A002640DC = {
						CreatedOnToolsVersion = 12.0;
					};
				};
			};
			buildConfigurationList = 523AA99F25446F3A002640DC /* Build configuration list for PBXProject "TdpTabBar" */;
			compatibilityVersion = "Xcode 9.3";
			developmentRegion = en;
			hasScannedForEncodings = 0;
			knownRegions = (
				en,
				Base,
			);
			mainGroup = 523AA99B25446F3A002640DC;
			productRefGroup = 523AA9A525446F3A002640DC /* Products */;
			projectDirPath = "";
			projectRoot = "";
			targets = (
				523AA9A325446F3A002640DC /* TdpTabBar */,
			);
		};
/* End PBXProject section */

/* Begin PBXResourcesBuildPhase section */
		523AA9A225446F3A002640DC /* Resources */ = {
			isa = PBXResourcesBuildPhase;
			buildActionMask = 2147483647;
			files = (
				523AA9B425446F3B002640DC /* LaunchScreen.storyboard in Resources */,
				523AA9B125446F3B002640DC /* Preview Assets.xcassets in Resources */,
				523AA9AE25446F3B002640DC /* Assets.xcassets in Resources */,
			);
			runOnlyForDeploymentPostprocessing = 0;
		};
/* End PBXResourcesBuildPhase section */

/* Begin PBXSourcesBuildPhase section */
		523AA9A025446F3A002640DC /* Sources */ = {
			isa = PBXSourcesBuildPhase;
			buildActionMask = 2147483647;
			files = (
				523AA9D325498F5D002640DC /* Currency.swift in Sources */,
				523AA9D625498FFA002640DC /* FetchData.swift in Sources */,
				523AA9CD25498EA2002640DC /* HomeTab.swift in Sources */,
				523AA9D025498EFF002640DC /* Conversion.swift in Sources */,
				523AA9A825446F3A002640DC /* AppDelegate.swift in Sources */,
				523AA9AA25446F3A002640DC /* SceneDelegate.swift in Sources */,
				523AA9AC25446F3A002640DC /* ContentView.swift in Sources */,
			);
			runOnlyForDeploymentPostprocessing = 0;
		};
/* End PBXSourcesBuildPhase section */

/* Begin PBXVariantGroup section */
		523AA9B225446F3B002640DC /* LaunchScreen.storyboard */ = {
			isa = PBXVariantGroup;
			children = (
				523AA9B325446F3B002640DC /* Base */,
			);
			name = LaunchScreen.storyboard;
			sourceTree = "<group>";
		};
/* End PBXVariantGroup section */

/* Begin XCBuildConfiguration section */
		523AA9B625446F3B002640DC /* Debug */ = {
			isa = XCBuildConfiguration;
			buildSettings = {
				ALWAYS_SEARCH_USER_PATHS = NO;
				CLANG_ANALYZER_NONNULL = YES;
				CLANG_ANALYZER_NUMBER_OBJECT_CONVERSION = YES_AGGRESSIVE;
				CLANG_CXX_LANGUAGE_STANDARD = "gnu++14";
				CLANG_CXX_LIBRARY = "libc++";
				CLANG_ENABLE_MODULES = YES;
				CLANG_ENABLE_OBJC_ARC = YES;
				CLANG_ENABLE_OBJC_WEAK = YES;
				CLANG_WARN_BLOCK_CAPTURE_AUTORELEASING = YES;
				CLANG_WARN_BOOL_CONVERSION = YES;
				CLANG_WARN_COMMA = YES;
				CLANG_WARN_CONSTANT_CONVERSION = YES;
				CLANG_WARN_DEPRECATED_OBJC_IMPLEMENTATIONS = YES;
				CLANG_WARN_DIRECT_OBJC_ISA_USAGE = YES_ERROR;
				CLANG_WARN_DOCUMENTATION_COMMENTS = YES;
				CLANG_WARN_EMPTY_BODY = YES;
				CLANG_WARN_ENUM_CONVERSION = YES;
				CLANG_WARN_INFINITE_RECURSION = YES;
				CLANG_WARN_INT_CONVERSION = YES;
				CLANG_WARN_NON_LITERAL_NULL_CONVERSION = YES;
				CLANG_WARN_OBJC_IMPLICIT_RETAIN_SELF = YES;
				CLANG_WARN_OBJC_LITERAL_CONVERSION = YES;
				CLANG_WARN_OBJC_ROOT_CLASS = YES_ERROR;
				CLANG_WARN_QUOTED_INCLUDE_IN_FRAMEWORK_HEADER = YES;
				CLANG_WARN_RANGE_LOOP_ANALYSIS = YES;
				CLANG_WARN_STRICT_PROTOTYPES = YES;
				CLANG_WARN_SUSPICIOUS_MOVE = YES;
				CLANG_WARN_UNGUARDED_AVAILABILITY = YES_AGGRESSIVE;
				CLANG_WARN_UNREACHABLE_CODE = YES;
				CLANG_WARN__DUPLICATE_METHOD_MATCH = YES;
				COPY_PHASE_STRIP = NO;
				DEBUG_INFORMATION_FORMAT = dwarf;
				ENABLE_STRICT_OBJC_MSGSEND = YES;
				ENABLE_TESTABILITY = YES;
				GCC_C_LANGUAGE_STANDARD = gnu11;
				GCC_DYNAMIC_NO_PIC = NO;
				GCC_NO_COMMON_BLOCKS = YES;
				GCC_OPTIMIZATION_LEVEL = 0;
				GCC_PREPROCESSOR_DEFINITIONS = (
					"DEBUG=1",
					"$(inherited)",
				);
				GCC_WARN_64_TO_32_BIT_CONVERSION = YES;
				GCC_WARN_ABOUT_RETURN_TYPE = YES_ERROR;
				GCC_WARN_UNDECLARED_SELECTOR = YES;
				GCC_WARN_UNINITIALIZED_AUTOS = YES_AGGRESSIVE;
				GCC_WARN_UNUSED_FUNCTION = YES;
				GCC_WARN_UNUSED_VARIABLE = YES;
				IPHONEOS_DEPLOYMENT_TARGET = 14.0;
				MTL_ENABLE_DEBUG_INFO = INCLUDE_SOURCE;
				MTL_FAST_MATH = YES;
				ONLY_ACTIVE_ARCH = YES;
				SDKROOT = iphoneos;
				SWIFT_ACTIVE_COMPILATION_CONDITIONS = DEBUG;
				SWIFT_OPTIMIZATION_LEVEL = "-Onone";
			};
			name = Debug;
		};
		523AA9B725446F3B002640DC /* Release */ = {
			isa = XCBuildConfiguration;
			buildSettings = {
				ALWAYS_SEARCH_USER_PATHS = NO;
				CLANG_ANALYZER_NONNULL = YES;
				CLANG_ANALYZER_NUMBER_OBJECT_CONVERSION = YES_AGGRESSIVE;
				CLANG_CXX_LANGUAGE_STANDARD = "gnu++14";
				CLANG_CXX_LIBRARY = "libc++";
				CLANG_ENABLE_MODULES = YES;
				CLANG_ENABLE_OBJC_ARC = YES;
				CLANG_ENABLE_OBJC_WEAK = YES;
				CLANG_WARN_BLOCK_CAPTURE_AUTORELEASING = YES;
				CLANG_WARN_BOOL_CONVERSION = YES;
				CLANG_WARN_COMMA = YES;
				CLANG_WARN_CONSTANT_CONVERSION = YES;
				CLANG_WARN_DEPRECATED_OBJC_IMPLEMENTATIONS = YES;
				CLANG_WARN_DIRECT_OBJC_ISA_USAGE = YES_ERROR;
				CLANG_WARN_DOCUMENTATION_COMMENTS = YES;
				CLANG_WARN_EMPTY_BODY = YES;
				CLANG_WARN_ENUM_CONVERSION = YES;
				CLANG_WARN_INFINITE_RECURSION = YES;
				CLANG_WARN_INT_CONVERSION = YES;
				CLANG_WARN_NON_LITERAL_NULL_CONVERSION = YES;
				CLANG_WARN_OBJC_IMPLICIT_RETAIN_SELF = YES;
				CLANG_WARN_OBJC_LITERAL_CONVERSION = YES;
				CLANG_WARN_OBJC_ROOT_CLASS = YES_ERROR;
				CLANG_WARN_QUOTED_INCLUDE_IN_FRAMEWORK_HEADER = YES;
				CLANG_WARN_RANGE_LOOP_ANALYSIS = YES;
				CLANG_WARN_STRICT_PROTOTYPES = YES;
				CLANG_WARN_SUSPICIOUS_MOVE = YES;
				CLANG_WARN_UNGUARDED_AVAILABILITY = YES_AGGRESSIVE;
				CLANG_WARN_UNREACHABLE_CODE = YES;
				CLANG_WARN__DUPLICATE_METHOD_MATCH = YES;
				COPY_PHASE_STRIP = NO;
				DEBUG_INFORMATION_FORMAT = "dwarf-with-dsym";
				ENABLE_NS_ASSERTIONS = NO;
				ENABLE_STRICT_OBJC_MSGSEND = YES;
				GCC_C_LANGUAGE_STANDARD = gnu11;
				GCC_NO_COMMON_BLOCKS = YES;
				GCC_WARN_64_TO_32_BIT_CONVERSION = YES;
				GCC_WARN_ABOUT_RETURN_TYPE = YES_ERROR;
				GCC_WARN_UNDECLARED_SELECTOR = YES;
				GCC_WARN_UNINITIALIZED_AUTOS = YES_AGGRESSIVE;
				GCC_WARN_UNUSED_FUNCTION = YES;
				GCC_WARN_UNUSED_VARIABLE = YES;
				IPHONEOS_DEPLOYMENT_TARGET = 14.0;
				MTL_ENABLE_DEBUG_INFO = NO;
				MTL_FAST_MATH = YES;
				SDKROOT = iphoneos;
				SWIFT_COMPILATION_MODE = wholemodule;
				SWIFT_OPTIMIZATION_LEVEL = "-O";
				VALIDATE_PRODUCT = YES;
			};
			name = Release;
		};
		523AA9B925446F3B002640DC /* Debug */ = {
			isa = XCBuildConfiguration;
			buildSettings = {
				ASSETCATALOG_COMPILER_APPICON_NAME = AppIcon;
				ASSETCATALOG_COMPILER_GLOBAL_ACCENT_COLOR_NAME = AccentColor;
				CODE_SIGN_STYLE = Automatic;
				DEVELOPMENT_ASSET_PATHS = "\"TdpTabBar/Preview Content\"";
				DEVELOPMENT_TEAM = AZ58662R7A;
				ENABLE_PREVIEWS = YES;
				INFOPLIST_FILE = TdpTabBar/Info.plist;
				LD_RUNPATH_SEARCH_PATHS = (
					"$(inherited)",
					"@executable_path/Frameworks",
				);
				PRODUCT_BUNDLE_IDENTIFIER = com.thidarphyo.TdpTabBar;
				PRODUCT_NAME = "$(TARGET_NAME)";
				SWIFT_VERSION = 5.0;
				TARGETED_DEVICE_FAMILY = "1,2";
			};
			name = Debug;
		};
		523AA9BA25446F3B002640DC /* Release */ = {
			isa = XCBuildConfiguration;
			buildSettings = {
				ASSETCATALOG_COMPILER_APPICON_NAME = AppIcon;
				ASSETCATALOG_COMPILER_GLOBAL_ACCENT_COLOR_NAME = AccentColor;
				CODE_SIGN_STYLE = Automatic;
				DEVELOPMENT_ASSET_PATHS = "\"TdpTabBar/Preview Content\"";
				DEVELOPMENT_TEAM = AZ58662R7A;
				ENABLE_PREVIEWS = YES;
				INFOPLIST_FILE = TdpTabBar/Info.plist;
				LD_RUNPATH_SEARCH_PATHS = (
					"$(inherited)",
					"@executable_path/Frameworks",
				);
				PRODUCT_BUNDLE_IDENTIFIER = com.thidarphyo.TdpTabBar;
				PRODUCT_NAME = "$(TARGET_NAME)";
				SWIFT_VERSION = 5.0;
				TARGETED_DEVICE_FAMILY = "1,2";
			};
			name = Release;
		};
/* End XCBuildConfiguration section */

/* Begin XCConfigurationList section */
		523AA99F25446F3A002640DC /* Build configuration list for PBXProject "TdpTabBar" */ = {
			isa = XCConfigurationList;
			buildConfigurations = (
				523AA9B625446F3B002640DC /* Debug */,
				523AA9B725446F3B002640DC /* Release */,
			);
			defaultConfigurationIsVisible = 0;
			defaultConfigurationName = Release;
		};
		523AA9B825446F3B002640DC /* Build configuration list for PBXNativeTarget "TdpTabBar" */ = {
			isa = XCConfigurationList;
			buildConfigurations = (
				523AA9B925446F3B002640DC /* Debug */,
				523AA9BA25446F3B002640DC /* Release */,
			);
			defaultConfigurationIsVisible = 0;
			defaultConfigurationName = Release;
		};
/* End XCConfigurationList section */
	};
	rootObject = 523AA99C25446F3A002640DC /* Project object */;
}
